{
  "name": "wosh-spike-runner",
  "version": "0.0.1",
  "lockfileVersion": 3,
  "requires": true,
  "packages": {
    "": {
      "name": "wosh-spike-runner",
      "version": "0.0.1",
      "dependencies": {
        "@bytecodealliance/preview2-shim": "^0.19.0",
        "@bytecodealliance/preview3-shim": "^0.2.2",
        "playwright-core": "^1.49.0"
      },
      "devDependencies": {
        "@bytecodealliance/jco-transpile": "file:../../../../polymorph-iroh/.deps/jco/packages/jco-transpile"
      }
    },
    "../../../../polymorph-iroh/.deps/jco/packages/jco-transpile": {
      "name": "@bytecodealliance/jco-transpile",
      "version": "0.6.2",
      "dev": true,
      "license": "(Apache-2.0 WITH LLVM-exception)",
      "dependencies": {
        "@bytecodealliance/preview2-shim": "^0.20.1",
        "@bytecodealliance/preview3-shim": "^0.2.2",
        "binaryen": "^130.0.0",
        "oxc-minify": "^0.136.0"
      },
      "devDependencies": {
        "@bytecodealliance/componentize-js": "catalog:",
        "@npmcli/run-script": "^10.0.2",
        "@types/node": "^24.12.4",
        "mime": "catalog:",
        "puppeteer": "catalog:",
        "typescript": "catalog:",
        "vite": "^7.1.5",
        "vitest": "^4.0.7",
        "which": "catalog:"
      }
    },
    "node_modules/@bytecodealliance/jco-transpile": {
      "resolved": "../../../../polymorph-iroh/.deps/jco/packages/jco-transpile",
      "link": true
    },
    "node_modules/@bytecodealliance/preview2-shim": {
      "version": "0.19.0",
      "resolved": "https://registry.npmjs.org/@bytecodealliance/preview2-shim/-/preview2-shim-0.19.0.tgz",
      "integrity": "sha512-OSUlcM62fXLuzYP0DjBn/SwjKMZ/y/2PMXZ8v5cRiiFcroauntlPRl/oCnx0xYjYiqdYvE0PY50VCNutll0xOw==",
      "license": "(Apache-2.0 WITH LLVM-exception)"
    },
    "node_modules/@bytecodealliance/preview3-shim": {
      "version": "0.2.2",
      "resolved": "https://registry.npmjs.org/@bytecodealliance/preview3-shim/-/preview3-shim-0.2.2.tgz",
      "integrity": "sha512-9z4tjc+qixUhyeYo3ycoT4cZ9yIlUfkowJxGoKeMfbRd8zT3uvIr1YNfXyU0I93GPu+gdaTVsr8iMr55utEJSA==",
      "license": "(Apache-2.0 WITH LLVM-exception)",
      "dependencies": {
        "@bytecodealliance/preview2-shim": "^0.19.0"
      }
    },
    "node_modules/playwright-core": {
      "version": "1.62.1",
      "resolved": "https://registry.npmjs.org/playwright-core/-/playwright-core-1.62.1.tgz",
      "integrity": "sha512-wPYSwEBJY9GHraISXqyqtx0na0LpO3XEX7jNDhntbex7tzUS7kLnZsOlFruFJB4Hi/rhDMjXGqHewDZ68nYZVw==",
      "license": "Apache-2.0",
      "bin": {
        "playwright-core": "cli.js"
      },
      "engines": {
        "node": ">=20"
      }
    }
  }
}
